{
    "_readme": [
        "This file locks the dependencies of your project to a known state",
        "Read more about it at https://getcomposer.org/doc/01-basic-usage.md#installing-dependencies",
        "This file is @generated automatically"
    ],
    "content-hash": "b2f5c82767dc63d86a8aa5c7a493b59f",
    "packages": [
        {
            "name": "packaged/glimpse",
            "version": "2.8.0",
            "source": {
                "type": "git",
                "url": "https://github.com/packaged/glimpse.git",
                "reference": "7ba742dffcbe5f33da235c50b97127414da2d3d8"
            },
            "dist": {
                "type": "zip",
                "url": "https://api.github.com/repos/packaged/glimpse/zipball/7ba742dffcbe5f33da235c50b97127414da2d3d8",
                "reference": "7ba742dffcbe5f33da235c50b97127414da2d3d8",
                "shasum": ""
            },
            "require": {
                "packaged/helpers": "^1.0||^2.0",
                "packaged/safehtml": "^2.0",
                "packaged/ui": "^1.0",
                "php": ">=7.1"
            },
            "require-dev": {
                "phpunit/phpunit": "~7.5"
            },
            "type": "library",
            "autoload": {
                "psr-4": {
                    "Packaged\\Glimpse\\": "src"
                }
            },
            "notification-url": "https://packagist.org/downloads/",
            "license": [
                "MIT"
            ],
            "authors": [
                {
                    "name": "Brooke Bryan",
                    "email": "brooke@bajb.net"
                }
            ],
            "description": "HTML Markup Helpers",
            "support": {
                "issues": "https://github.com/packaged/glimpse/issues",
                "source": "https://github.com/packaged/glimpse/tree/2.8.0"
            },
            "time": "2021-08-16T12:45:42+00:00"
        },
        {
            "name": "packaged/helpers",
            "version": "2.16.1",
            "source": {
                "type": "git",
                "url": "https://github.com/packaged/helpers.git",
                "reference": "d11d735a66da73455239c70ccddece5e52bb9d7b"
            },
            "dist": {
                "type": "zip",
                "url": "https://api.github.com/repos/packaged/helpers/zipball/d11d735a66da73455239c70ccddece5e52bb9d7b",
                "reference": "d11d735a66da73455239c70ccddece5e52bb9d7b",
                "shasum": ""
            },
            "require": {
                "ext-json": "*",
                "php": ">=7.3"
            },
            "require-dev": {
                "phpunit/phpunit": "^9.0"
            },
            "type": "library",
            "autoload": {
                "psr-4": {
                    "Packaged\\Tests\\": "tests",
                    "Packaged\\Helpers\\": "src"
                }
            },
            "notification-url": "https://packagist.org/downloads/",
            "license": [
                "MIT"
            ],
            "authors": [
                {
                    "name": "Brooke Bryan",
                    "email": "brooke@bajb.net"
                }
            ],
            "description": "Generic PHP Helper Classes",
            "support": {
                "issues": "https://github.com/packaged/helpers/issues",
                "source": "https://github.com/packaged/helpers/tree/2.16.1"
            },
            "time": "2024-03-21T13:39:48+00:00"
        },
        {
            "name": "packaged/safehtml",
            "version": "2.2.2",
            "source": {
                "type": "git",
                "url": "https://github.com/packaged/safehtml.git",
                "reference": "48116328d1021614a2ecefc724fae5b1fccb29d0"
            },
            "dist": {
                "type": "zip",
                "url": "https://api.github.com/repos/packaged/safehtml/zipball/48116328d1021614a2ecefc724fae5b1fccb29d0",
                "reference": "48116328d1021614a2ecefc724fae5b1fccb29d0",
                "shasum": ""
            },
            "require": {
                "packaged/helpers": "^1.0||^2.0",
                "php": ">=7.1"
            },
            "require-dev": {
                "phpunit/phpunit": "~6.0"
            },
            "type": "library",
            "autoload": {
                "psr-4": {
                    "Packaged\\SafeHtml\\": "src",
                    "Packaged\\Tests\\SafeHtml\\": "tests"
                }
            },
            "notification-url": "https://packagist.org/downloads/",
            "license": [
                "MIT"
            ],
            "authors": [
                {
                    "name": "Brooke Bryan",
                    "email": "brooke@bajb.net"
                }
            ],
            "description": "Safe HTML",
            "support": {
                "issues": "https://github.com/packaged/safehtml/issues",
                "source": "https://github.com/packaged/safehtml/tree/2.2.2"
            },
            "time": "2022-10-04T14:08:46+00:00"
        },
        {
            "name": "packaged/ui",
            "version": "1.7.0",
            "source": {
                "type": "git",
                "url": "https://github.com/packaged/ui.git",
                "reference": "8d4a2f5e839e0ccfc6da3d814106b7cf1516d575"
            },
            "dist": {
                "type": "zip",
                "url": "https://api.github.com/repos/packaged/ui/zipball/8d4a2f5e839e0ccfc6da3d814106b7cf1516d575",
                "reference": "8d4a2f5e839e0ccfc6da3d814106b7cf1516d575",
                "shasum": ""
            },
            "require": {
                "packaged/safehtml": "~2.0",
                "php": ">=7.1"
            },
            "require-dev": {
                "phpunit/phpunit": ">=7"
            },
            "type": "library",
            "autoload": {
                "psr-4": {
                    "Packaged\\Ui\\": "src"
                }
            },
            "notification-url": "https://packagist.org/downloads/",
            "license": [
                "MIT"
            ],
            "authors": [
                {
                    "name": "Brooke Bryan",
                    "email": "brooke@bajb.net"
                }
            ],
            "description": "User Interface",
            "support": {
                "issues": "https://github.com/packaged/ui/issues",
                "source": "https://github.com/packaged/ui/tree/1.7.0"
            },
            "time": "2021-07-13T16:35:29+00:00"
        }
    ],
    "packages-dev": [],
    "aliases": [],
    "minimum-stability": "stable",
    "stability-flags": {},
    "prefer-stable": false,
    "prefer-lowest": false,
    "platform": {},
    "platform-dev": {},
    "plugin-api-version": "2.6.0"
}
